{
    "_meta": {
        "hash": {
            "sha256": "cd007efbd2aa2079b706797de2c4acd4b39b8deadd83f45ef9541d9fc6038d67"
        },
        "pipfile-spec": 6,
        "requires": {},
        "sources": [
            {
                "name": "pypi",
                "url": "https://pypi.org/simple",
                "verify_ssl": true
            }
        ]
    },
    "default": {
        "ailment": {
            "hashes": [
                "sha256:4552730c368a241ba10fe132ca265080098ff293dd129072ed7b0cf154b81f76"
            ],
            "version": "==8.19.4.5"
        },
        "ana": {
            "hashes": [
                "sha256:5fa16e511773a0efc6ac9294f93eee583612ffb580859737eed07e703947d6f8"
            ],
            "version": "==0.6"
        },
        "angr": {
            "hashes": [
                "sha256:386efa0b110883059e5bf195fea25223a859d42075e60582ed95bb64ad7086fa",
                "sha256:3b24763494f85d1af600eb39fae6e42f0fa4583dfd8f17c069c62c6bda5e9a56",
                "sha256:87f271fe749395cb772dda135e5e458db8d9cc49d724597e0e0f7c70d2a96380",
                "sha256:b3bbcbc0fc140146f076c087d4efc8681ac579e46251d5ff8b086249a3fddf1c",
                "sha256:d8c94e27dc1a017e5fe39034b8f6af53527fbf44509a81b09dd93f79af56a2f7"
            ],
            "index": "pypi",
            "version": "==8.19.4.5"
        },
        "archinfo": {
            "hashes": [
                "sha256:97e80aacc8ae7dcd3e5cdb932ef97cbb4b55014be7052e05f2a95cc3553734be"
            ],
            "index": "pypi",
            "version": "==8.19.4.5"
        },
        "backcall": {
            "hashes": [
                "sha256:38ecd85be2c1e78f77fd91700c76e14667dc21e2713b63876c0eb901196e01e4",
                "sha256:bbbf4b1e5cd2bdb08f915895b51081c041bac22394fdfcfdfbe9f14b77c08bf2"
            ],
            "version": "==0.1.0"
        },
        "bitstring": {
            "hashes": [
                "sha256:7b60b0c300d0d3d0a24ec84abfda4b0eaed3dc56dc90f6cbfe497166c9ad8443",
                "sha256:c97a8e2a136e99b523b27da420736ae5cb68f83519d633794a6a11192f69f8bf",
                "sha256:e392819965e7e0246e3cf6a51d5a54e731890ae03ebbfa3cd0e4f74909072096"
            ],
            "version": "==3.1.6"
        },
        "boltons": {
            "hashes": [
                "sha256:7aa10b0f5b015678458a7d0422961fc0c7e823c05e644094c0e564931ce0b0df",
                "sha256:c32b2d121331a9bc7c220050d4273f3aa359b7569cb4794188e71524603113dc"
            ],
            "index": "pypi",
            "version": "==19.1.0"
        },
        "cachetools": {
            "hashes": [
                "sha256:428266a1c0d36dc5aca63a2d7c5942e88c2c898d72139fca0e97fdd2380517ae",
                "sha256:8ea2d3ce97850f31e4a08b0e2b5e6c34997d7216a9d2c98e0f3978630d4da69a"
            ],
            "version": "==3.1.1"
        },
        "capstone": {
            "hashes": [
                "sha256:5857accc0de1e769b0ec0a0ca985715bfa96e5a66a2ebb3aaed43a8e3655377f",
                "sha256:5d97df74a8ffdd02706bc67155b7d41dd3ca8ff2caa034f8e54b99044b96037e",
                "sha256:a85763eccae63c3b7a1123a17afcda03303771b18db38a44453055ff360edd94",
                "sha256:dae578f97b24212fb97a5c833342e56c69e7fb71502187a0b51a4326381e4204",
                "sha256:ee7f55aa4326b1e345b1fb28d1b0798974503e914b006cc9806431e8c3e95549"
            ],
            "version": "==4.0.1"
        },
        "cffi": {
            "hashes": [
                "sha256:0b49274afc941c626b605fb59b59c3485c17dc776dc3cc7cc14aca74cc19cc42",
                "sha256:0e3ea92942cb1168e38c05c1d56b0527ce31f1a370f6117f1d490b8dcd6b3a04",
                "sha256:135f69aecbf4517d5b3d6429207b2dff49c876be724ac0c8bf8e1ea99df3d7e5",
                "sha256:19db0cdd6e516f13329cba4903368bff9bb5a9331d3410b1b448daaadc495e54",
                "sha256:2781e9ad0e9d47173c0093321bb5435a9dfae0ed6a762aabafa13108f5f7b2ba",
                "sha256:291f7c42e21d72144bb1c1b2e825ec60f46d0a7468f5346841860454c7aa8f57",
                "sha256:2c5e309ec482556397cb21ede0350c5e82f0eb2621de04b2633588d118da4396",
                "sha256:2e9c80a8c3344a92cb04661115898a9129c074f7ab82011ef4b612f645939f12",
                "sha256:32a262e2b90ffcfdd97c7a5e24a6012a43c61f1f5a57789ad80af1d26c6acd97",
                "sha256:3c9fff570f13480b201e9ab69453108f6d98244a7f495e91b6c654a47486ba43",
                "sha256:415bdc7ca8c1c634a6d7163d43fb0ea885a07e9618a64bda407e04b04333b7db",
                "sha256:42194f54c11abc8583417a7cf4eaff544ce0de8187abaf5d29029c91b1725ad3",
                "sha256:4424e42199e86b21fc4db83bd76909a6fc2a2aefb352cb5414833c030f6ed71b",
                "sha256:4a43c91840bda5f55249413037b7a9b79c90b1184ed504883b72c4df70778579",
                "sha256:599a1e8ff057ac530c9ad1778293c665cb81a791421f46922d80a86473c13346",
                "sha256:5c4fae4e9cdd18c82ba3a134be256e98dc0596af1e7285a3d2602c97dcfa5159",
                "sha256:5ecfa867dea6fabe2a58f03ac9186ea64da1386af2159196da51c4904e11d652",
                "sha256:62f2578358d3a92e4ab2d830cd1c2049c9c0d0e6d3c58322993cc341bdeac22e",
                "sha256:6471a82d5abea994e38d2c2abc77164b4f7fbaaf80261cb98394d5793f11b12a",
                "sha256:6d4f18483d040e18546108eb13b1dfa1000a089bcf8529e30346116ea6240506",
                "sha256:71a608532ab3bd26223c8d841dde43f3516aa5d2bf37b50ac410bb5e99053e8f",
                "sha256:74a1d8c85fb6ff0b30fbfa8ad0ac23cd601a138f7509dc617ebc65ef305bb98d",
                "sha256:7b93a885bb13073afb0aa73ad82059a4c41f4b7d8eb8368980448b52d4c7dc2c",
                "sha256:7d4751da932caaec419d514eaa4215eaf14b612cff66398dd51129ac22680b20",
                "sha256:7f627141a26b551bdebbc4855c1157feeef18241b4b8366ed22a5c7d672ef858",
                "sha256:8169cf44dd8f9071b2b9248c35fc35e8677451c52f795daa2bb4643f32a540bc",
                "sha256:aa00d66c0fab27373ae44ae26a66a9e43ff2a678bf63a9c7c1a9a4d61172827a",
                "sha256:ccb032fda0873254380aa2bfad2582aedc2959186cce61e3a17abc1a55ff89c3",
                "sha256:d754f39e0d1603b5b24a7f8484b22d2904fa551fe865fd0d4c3332f078d20d4e",
                "sha256:d75c461e20e29afc0aee7172a0950157c704ff0dd51613506bd7d82b718e7410",
                "sha256:dcd65317dd15bc0451f3e01c80da2216a31916bdcffd6221ca1202d96584aa25",
                "sha256:e570d3ab32e2c2861c4ebe6ffcad6a8abf9347432a37608fe1fbd157b3f0036b",
                "sha256:fd43a88e045cf992ed09fa724b5315b790525f2676883a6ea64e3263bae6549d"
            ],
            "version": "==1.13.2"
        },
        "claripy": {
            "hashes": [
                "sha256:22fcb0821a15869d3a4e26976cf73af1180d75eb0614b51769f4630cf66184dd"
            ],
            "index": "pypi",
            "version": "==8.19.4.5"
        },
        "cle": {
            "hashes": [
                "sha256:bea0028a02bd4fcc8d9781114a5ecb306d904d666ea945c15320c1b0b458fedd"
            ],
            "version": "==8.19.4.5"
        },
        "cooldict": {
            "hashes": [
                "sha256:c43c9e0b4ad4e21ec8efae9f10e640c3785ac1a69ed32db9ba7f92cf52a91159"
            ],
            "version": "==1.4"
        },
        "decorator": {
            "hashes": [
                "sha256:54c38050039232e1db4ad7375cfce6748d7b41c29e95a081c8a6d2c30364a2ce",
                "sha256:5d19b92a3c8f7f101c8dd86afd86b0f061a8ce4540ab8cd401fa2542756bce6d"
            ],
            "version": "==4.4.1"
        },
        "dpkt": {
            "hashes": [
                "sha256:472c8fbf992f913cee2760fed8fb4253a600d7fb2210c793e2c0c0c23eb3b629",
                "sha256:52a92ecd5ca04d5bd852bb11cb2eac4bbe38b42a7c472e0d950eeb9f82a81e54"
            ],
            "version": "==1.9.2"
        },
        "future": {
            "hashes": [
                "sha256:b1bead90b70cf6ec3f0710ae53a525360fa360d306a86583adc6bf83a4db537d"
            ],
            "version": "==0.18.2"
        },
        "gitdb2": {
            "hashes": [
                "sha256:1b6df1433567a51a4a9c1a5a0de977aa351a405cc56d7d35f3388bad1f630350",
                "sha256:96bbb507d765a7f51eb802554a9cfe194a174582f772e0d89f4e87288c288b7b"
            ],
            "version": "==2.0.6"
        },
        "gitpython": {
            "hashes": [
                "sha256:9c2398ffc3dcb3c40b27324b316f08a4f93ad646d5a6328cafbb871aa79f5e42",
                "sha256:c155c6a2653593ccb300462f6ef533583a913e17857cfef8fc617c246b6dc245"
            ],
            "version": "==3.0.5"
        },
        "idalink": {
            "hashes": [
                "sha256:1f745fe7055ca3560187cbc6c855009a2f4a1ae874c10b4c071b0f4eb162314f"
            ],
            "index": "pypi",
            "version": "==0.11"
        },
        "ipdb": {
            "hashes": [
                "sha256:dce2112557edfe759742ca2d0fee35c59c97b0cc7a05398b791079d78f1519ce"
            ],
            "index": "pypi",
            "version": "==0.12"
        },
        "ipython": {
            "hashes": [
                "sha256:54c5a8aa1eadd269ac210b96923688ccf01ebb2d0f21c18c3c717909583579a8",
                "sha256:e840810029224b56cd0d9e7719dc3b39cf84d577f8ac686547c8ba7a06eeab26"
            ],
            "index": "pypi",
            "version": "==7.5.0"
        },
        "ipython-genutils": {
            "hashes": [
                "sha256:72dd37233799e619666c9f639a9da83c34013a73e8bbc79a7a6348d93c61fab8",
                "sha256:eb2e116e75ecef9d4d228fdc66af54269afa26ab4463042e33785b887c628ba8"
            ],
            "version": "==0.2.0"
        },
        "itanium-demangler": {
            "hashes": [
                "sha256:bca0fae4cb0ad582a3c7ede97d66b325d13445fdf87c28947233d8559430967c"
            ],
            "version": "==1.0"
        },
        "jedi": {
            "hashes": [
                "sha256:786b6c3d80e2f06fd77162a07fed81b8baa22dde5d62896a790a331d6ac21a27",
                "sha256:ba859c74fa3c966a22f2aeebe1b74ee27e2a462f56d3f5f7ca4a59af61bfe42e"
            ],
            "version": "==0.15.1"
        },
        "mulpyplexer": {
            "hashes": [
                "sha256:ca930b229e21fe0ed259788e2d871eb13e54d17e29d7f25347573ae87768c5fe"
            ],
            "version": "==0.8"
        },
        "networkx": {
            "hashes": [
                "sha256:cdfbf698749a5014bf2ed9db4a07a5295df1d3a53bf80bf3cbd61edf9df05fa1",
                "sha256:f8f4ff0b6f96e4f9b16af6b84622597b5334bf9cae8cf9b2e42e7985d5c95c64"
            ],
            "version": "==2.4"
        },
        "parso": {
            "hashes": [
                "sha256:63854233e1fadb5da97f2744b6b24346d2750b85965e7e399bec1620232797dc",
                "sha256:666b0ee4a7a1220f65d367617f2cd3ffddff3e205f3f16a0284df30e774c2a9c"
            ],
            "version": "==0.5.1"
        },
        "pefile": {
            "hashes": [
                "sha256:a5d6e8305c6b210849b47a6174ddf9c452b2888340b8177874b862ba6c207645"
            ],
            "version": "==2019.4.18"
        },
        "pexpect": {
            "hashes": [
                "sha256:2094eefdfcf37a1fdbfb9aa090862c1a4878e5c7e0e7e7088bdb511c558e5cd1",
                "sha256:9e2c1fd0e6ee3a49b28f95d4b33bc389c89b20af6a1255906e90ff1262ce62eb"
            ],
            "markers": "sys_platform != 'win32'",
            "version": "==4.7.0"
        },
        "pickleshare": {
            "hashes": [
                "sha256:87683d47965c1da65cdacaf31c8441d12b8044cdec9aca500cd78fc2c683afca",
                "sha256:9649af414d74d4df115d5d718f82acb59c9d418196b7b4290ed47a12ce62df56"
            ],
            "version": "==0.7.5"
        },
        "plumbum": {
            "hashes": [
                "sha256:600f99e1736f314b52d823aa5d3b73db9a7a6d5b5dc22303410c1a7d6f3e569c",
                "sha256:8571f2f9657e00dc22549d9e92db3fdec5674bf509fe60c5c9b4081fd8f6ab92"
            ],
            "version": "==1.6.8"
        },
        "progressbar": {
            "hashes": [
                "sha256:5d81cb529da2e223b53962afd6c8ca0f05c6670e40309a7219eacc36af9b6c63"
            ],
            "version": "==2.5"
        },
        "prompt-toolkit": {
            "hashes": [
                "sha256:46642344ce457641f28fc9d1c9ca939b63dadf8df128b86f1b9860e59c73a5e4",
                "sha256:e7f8af9e3d70f514373bf41aa51bc33af12a6db3f71461ea47fea985defb2c31",
                "sha256:f15af68f66e664eaa559d4ac8a928111eebd5feda0c11738b5998045224829db"
            ],
            "version": "==2.0.10"
        },
        "psutil": {
            "hashes": [
                "sha256:021d361439586a0fd8e64f8392eb7da27135db980f249329f1a347b9de99c695",
                "sha256:145e0f3ab9138165f9e156c307100905fd5d9b7227504b8a9d3417351052dc3d",
                "sha256:348ad4179938c965a27d29cbda4a81a1b2c778ecd330a221aadc7bd33681afbd",
                "sha256:3feea46fbd634a93437b718518d15b5dd49599dfb59a30c739e201cc79bb759d",
                "sha256:474e10a92eeb4100c276d4cc67687adeb9d280bbca01031a3e41fb35dfc1d131",
                "sha256:47aeb4280e80f27878caae4b572b29f0ec7967554b701ba33cd3720b17ba1b07",
                "sha256:73a7e002781bc42fd014dfebb3fc0e45f8d92a4fb9da18baea6fb279fbc1d966",
                "sha256:d051532ac944f1be0179e0506f6889833cf96e466262523e57a871de65a15147",
                "sha256:dfb8c5c78579c226841908b539c2374da54da648ee5a837a731aa6a105a54c00",
                "sha256:e3f5f9278867e95970854e92d0f5fe53af742a7fc4f2eba986943345bcaed05d",
                "sha256:e9649bb8fc5cea1f7723af53e4212056a6f984ee31784c10632607f472dec5ee"
            ],
            "version": "==5.6.5"
        },
        "ptyprocess": {
            "hashes": [
                "sha256:923f299cc5ad920c68f2bc0bc98b75b9f838b93b599941a6b63ddbc2476394c0",
                "sha256:d7cc528d76e76342423ca640335bd3633420dc1366f258cb31d05e865ef5ca1f"
            ],
            "version": "==0.6.0"
        },
        "pycparser": {
            "hashes": [
                "sha256:a988718abfad80b6b157acce7bf130a30876d27603738ac39f140993246b25b3"
            ],
            "version": "==2.19"
        },
        "pyelftools": {
            "hashes": [
                "sha256:89c6da6f56280c37a5ff33468591ba9a124e17d71fe42de971818cbff46c1b24"
            ],
            "version": "==0.25"
        },
        "pygments": {
            "hashes": [
                "sha256:71e430bc85c88a430f000ac1d9b331d2407f681d6f6aec95e8bcfbc3df5b0127",
                "sha256:881c4c157e45f30af185c1ffe8d549d48ac9127433f2c380c24b84572ad66297"
            ],
            "version": "==2.4.2"
        },
        "pysmt": {
            "hashes": [
                "sha256:6ccac89f22052f0b12f3847382efe94d0fbda95f33978af29f4f3aee5ef0e270"
            ],
            "version": "==0.8.0"
        },
        "pyvex": {
            "hashes": [
                "sha256:39ede1025194ffdf29de7e839d0c216756c4d4b57c3e61239783035e4fce892d",
                "sha256:67292ba8b2f4e8da31adb3728d29c19ab23730c8cd40c0cafce3d5267426c2b0",
                "sha256:a40d8f1041e428b7dbce969b1a4d3496d079282daeb3b19c95b01e8156a76934",
                "sha256:c9675e1c6d799aa1901122ed84809031ba9c9db6c9f7279f860ea39df86a1bf8",
                "sha256:ee5f3529f232035e0a81176c598b241b5425be29fd6b6bb262feeeb27cad41de"
            ],
            "index": "pypi",
            "version": "==8.19.4.5"
        },
        "rpyc": {
            "hashes": [
                "sha256:0df276076891797bbaaff322cc6debb02e10817426bba00a9beca915053a8a91",
                "sha256:2dead5b5e8fbe105faad4ba5d9879bf2ff9819a556c9462e1659a3ae9fa17517",
                "sha256:92a4c92d9bb5e5d4323b4b417ecad6ee31b5ab2a34d9ea7aafdf31962c4e38f7"
            ],
            "index": "pypi",
            "version": "==4.1.2"
        },
        "six": {
            "hashes": [
                "sha256:1f1b7d42e254082a9db6279deae68afb421ceba6158efa6131de7b3003ee93fd",
                "sha256:30f610279e8b2578cab6db20741130331735c781b56053c59c4076da27f06b66"
            ],
            "version": "==1.13.0"
        },
        "smmap2": {
            "hashes": [
                "sha256:0555a7bf4df71d1ef4218e4807bbf9b201f910174e6e08af2e138d4e517b4dde",
                "sha256:29a9ffa0497e7f2be94ca0ed1ca1aa3cd4cf25a1f6b4f5f87f74b46ed91d609a"
            ],
            "version": "==2.0.5"
        },
        "smoke-zephyr": {
            "hashes": [
                "sha256:3dc79db4639cf357fada50fc063ea1b0578939712b6491904047997fbb320d5c"
            ],
            "index": "pypi",
            "version": "==1.4.1"
        },
        "sortedcontainers": {
            "hashes": [
                "sha256:974e9a32f56b17c1bac2aebd9dcf197f3eb9cd30553c5852a3187ad162e1a03a",
                "sha256:d9e96492dd51fae31e60837736b38fe42a187b5404c16606ff7ee7cd582d4c60"
            ],
            "version": "==2.1.0"
        },
        "tabulate": {
            "hashes": [
                "sha256:8af07a39377cee1103a5c8b3330a421c2d99b9141e9cc5ddd2e3263fea416943"
            ],
            "index": "pypi",
            "version": "==0.8.3"
        },
        "traitlets": {
            "hashes": [
                "sha256:70b4c6a1d9019d7b4f6846832288f86998aa3b9207c6821f3578a6a6a467fe44",
                "sha256:d023ee369ddd2763310e4c3eae1ff649689440d4ae59d7485eb4cfbbe3e359f7"
            ],
            "version": "==4.3.3"
        },
        "unicorn": {
            "hashes": [
                "sha256:2a0a43ebf73da8e79e91e89b4e72ab2413a410167db4dff25008721ec117cda1",
                "sha256:3a8ad7a7f4be7583e77ca2f7f921a26081eb4987a37afbd8c91850eb6a8a673c",
                "sha256:66bada80960b2d7da45408acd10d2ea8fdf2c51781543d4e9401d10480b6a574",
                "sha256:6f25eef8119620d54cf17472be7fbd3566143a72ff5ff5a6e3639171e026ab28",
                "sha256:7e827ac975f5f1ad0022009df22c6af7db7e5229e7878835ee059d4dc16217c4"
            ],
            "version": "==1.0.1"
        },
        "wcwidth": {
            "hashes": [
                "sha256:3df37372226d6e63e1b1e1eda15c594bca98a22d33a23832a90998faa96bc65e",
                "sha256:f4ebe71925af7b40a864553f761ed559b43544f8f71746c2d756c7fe788ade7c"
            ],
            "version": "==0.1.7"
        },
        "z3-solver": {
            "hashes": [
                "sha256:474a22a1c6b26a89fc0fe563a9e0738bf1ff6b6f645f3b1d7a4beda18b3f44bc",
                "sha256:6b10b317f056890a341304071fb3ab220f0adb2c87439a04eba9e69028a7e3ff",
                "sha256:c185d05d236c6c9756e914756c73f797cb618d81b42e694166639cce5bcfdb1f",
                "sha256:c802dbe5368743dd30dd2a684c15b83b17c3c95df54b66f97611a5988ae0f696",
                "sha256:cf57c53f1e366f3f6bc806fd83ad288b9c82ee8d2bbdfdc64d53767aaf500209",
                "sha256:e41001b7f43ecb9eb9bedf6762bd0e002561590487cc78c0b48f608a85ce02ac",
                "sha256:f472f1d0d04856cfaf15d0ebab5ff39b2b1bc09b2f4d2119c0ba0540121b5265"
            ],
            "version": "==4.5.1.0.post2"
        }
    },
    "develop": {}
}
