{
    "_meta": {
        "hash": {
            "sha256": "cd007efbd2aa2079b706797de2c4acd4b39b8deadd83f45ef9541d9fc6038d67"
        },
        "pipfile-spec": 6,
        "requires": {},
        "sources": [
            {
                "name": "pypi",
                "url": "https://pypi.org/simple",
                "verify_ssl": true
            }
        ]
    },
    "default": {
        "ailment": {
            "hashes": [
                "sha256:4552730c368a241ba10fe132ca265080098ff293dd129072ed7b0cf154b81f76"
            ],
            "version": "==8.19.4.5"
        },
        "ana": {
            "hashes": [
                "sha256:5fa16e511773a0efc6ac9294f93eee583612ffb580859737eed07e703947d6f8"
            ],
            "version": "==0.6"
        },
        "angr": {
            "hashes": [
                "sha256:386efa0b110883059e5bf195fea25223a859d42075e60582ed95bb64ad7086fa",
                "sha256:3b24763494f85d1af600eb39fae6e42f0fa4583dfd8f17c069c62c6bda5e9a56",
                "sha256:87f271fe749395cb772dda135e5e458db8d9cc49d724597e0e0f7c70d2a96380",
                "sha256:b3bbcbc0fc140146f076c087d4efc8681ac579e46251d5ff8b086249a3fddf1c",
                "sha256:d8c94e27dc1a017e5fe39034b8f6af53527fbf44509a81b09dd93f79af56a2f7"
            ],
            "index": "pypi",
            "version": "==8.19.4.5"
        },
        "archinfo": {
            "hashes": [
                "sha256:97e80aacc8ae7dcd3e5cdb932ef97cbb4b55014be7052e05f2a95cc3553734be"
            ],
            "index": "pypi",
            "version": "==8.19.4.5"
        },
        "backcall": {
            "hashes": [
                "sha256:5cbdbf27be5e7cfadb448baf0aa95508f91f2bbc6c6437cd9cd06e2a4c215e1e",
                "sha256:fbbce6a29f263178a1f7915c1940bde0ec2b2a967566fe1c65c1dfb7422bd255"
            ],
            "version": "==0.2.0"
        },
        "bitstring": {
            "hashes": [
                "sha256:fdf3eb72b229d2864fb507f8f42b1b2c57af7ce5fec035972f9566de440a864a"
            ],
            "version": "==3.1.7"
        },
        "boltons": {
            "hashes": [
                "sha256:7aa10b0f5b015678458a7d0422961fc0c7e823c05e644094c0e564931ce0b0df",
                "sha256:c32b2d121331a9bc7c220050d4273f3aa359b7569cb4794188e71524603113dc"
            ],
            "index": "pypi",
            "version": "==19.1.0"
        },
        "cachetools": {
            "hashes": [
                "sha256:1d9d5f567be80f7c07d765e21b814326d78c61eb0c3a637dffc0e5d1796cb2e2",
                "sha256:f469e29e7aa4cff64d8de4aad95ce76de8ea1125a16c68e0d93f65c3c3dc92e9"
            ],
            "version": "==4.2.1"
        },
        "capstone": {
            "hashes": [
                "sha256:0d65ffe8620920976ceadedc769f22318f6f150a592368d8a735612367ac8a1a",
                "sha256:2842913092c9b69fd903744bc1b87488e1451625460baac173056e1808ec1c66",
                "sha256:9d1a9096c5f875b11290317722ed44bb6e7c52e50cc79d791f142bce968c49aa",
                "sha256:c3d9b443d1adb40ee2d9a4e7341169b76476ddcf3a54c03793b16cdc7cd35c5a",
                "sha256:da442f979414cf27e4621e70e835880878c858ea438c4f0e957e132593579e37"
            ],
            "version": "==4.0.2"
        },
        "cffi": {
            "hashes": [
                "sha256:005a36f41773e148deac64b08f233873a4d0c18b053d37da83f6af4d9087b813",
                "sha256:0857f0ae312d855239a55c81ef453ee8fd24136eaba8e87a2eceba644c0d4c06",
                "sha256:1071534bbbf8cbb31b498d5d9db0f274f2f7a865adca4ae429e147ba40f73dea",
                "sha256:158d0d15119b4b7ff6b926536763dc0714313aa59e320ddf787502c70c4d4bee",
                "sha256:1f436816fc868b098b0d63b8920de7d208c90a67212546d02f84fe78a9c26396",
                "sha256:2894f2df484ff56d717bead0a5c2abb6b9d2bf26d6960c4604d5c48bbc30ee73",
                "sha256:29314480e958fd8aab22e4a58b355b629c59bf5f2ac2492b61e3dc06d8c7a315",
                "sha256:34eff4b97f3d982fb93e2831e6750127d1355a923ebaeeb565407b3d2f8d41a1",
                "sha256:35f27e6eb43380fa080dccf676dece30bef72e4a67617ffda586641cd4508d49",
                "sha256:3d3dd4c9e559eb172ecf00a2a7517e97d1e96de2a5e610bd9b68cea3925b4892",
                "sha256:43e0b9d9e2c9e5d152946b9c5fe062c151614b262fda2e7b201204de0b99e482",
                "sha256:48e1c69bbacfc3d932221851b39d49e81567a4d4aac3b21258d9c24578280058",
                "sha256:51182f8927c5af975fece87b1b369f722c570fe169f9880764b1ee3bca8347b5",
                "sha256:58e3f59d583d413809d60779492342801d6e82fefb89c86a38e040c16883be53",
                "sha256:5de7970188bb46b7bf9858eb6890aad302577a5f6f75091fd7cdd3ef13ef3045",
                "sha256:65fa59693c62cf06e45ddbb822165394a288edce9e276647f0046e1ec26920f3",
                "sha256:69e395c24fc60aad6bb4fa7e583698ea6cc684648e1ffb7fe85e3c1ca131a7d5",
                "sha256:6c97d7350133666fbb5cf4abdc1178c812cb205dc6f41d174a7b0f18fb93337e",
                "sha256:6e4714cc64f474e4d6e37cfff31a814b509a35cb17de4fb1999907575684479c",
                "sha256:72d8d3ef52c208ee1c7b2e341f7d71c6fd3157138abf1a95166e6165dd5d4369",
                "sha256:8ae6299f6c68de06f136f1f9e69458eae58f1dacf10af5c17353eae03aa0d827",
                "sha256:8b198cec6c72df5289c05b05b8b0969819783f9418e0409865dac47288d2a053",
                "sha256:99cd03ae7988a93dd00bcd9d0b75e1f6c426063d6f03d2f90b89e29b25b82dfa",
                "sha256:9cf8022fb8d07a97c178b02327b284521c7708d7c71a9c9c355c178ac4bbd3d4",
                "sha256:9de2e279153a443c656f2defd67769e6d1e4163952b3c622dcea5b08a6405322",
                "sha256:9e93e79c2551ff263400e1e4be085a1210e12073a31c2011dbbda14bda0c6132",
                "sha256:9ff227395193126d82e60319a673a037d5de84633f11279e336f9c0f189ecc62",
                "sha256:a465da611f6fa124963b91bf432d960a555563efe4ed1cc403ba5077b15370aa",
                "sha256:ad17025d226ee5beec591b52800c11680fca3df50b8b29fe51d882576e039ee0",
                "sha256:afb29c1ba2e5a3736f1c301d9d0abe3ec8b86957d04ddfa9d7a6a42b9367e396",
                "sha256:b85eb46a81787c50650f2392b9b4ef23e1f126313b9e0e9013b35c15e4288e2e",
                "sha256:bb89f306e5da99f4d922728ddcd6f7fcebb3241fc40edebcb7284d7514741991",
                "sha256:cbde590d4faaa07c72bf979734738f328d239913ba3e043b1e98fe9a39f8b2b6",
                "sha256:cd2868886d547469123fadc46eac7ea5253ea7fcb139f12e1dfc2bbd406427d1",
                "sha256:d42b11d692e11b6634f7613ad8df5d6d5f8875f5d48939520d351007b3c13406",
                "sha256:f2d45f97ab6bb54753eab54fffe75aaf3de4ff2341c9daee1987ee1837636f1d",
                "sha256:fd78e5fee591709f32ef6edb9a015b4aa1a5022598e36227500c8f4e02328d9c"
            ],
            "version": "==1.14.5"
        },
        "claripy": {
            "hashes": [
                "sha256:22fcb0821a15869d3a4e26976cf73af1180d75eb0614b51769f4630cf66184dd"
            ],
            "index": "pypi",
            "version": "==8.19.4.5"
        },
        "cle": {
            "hashes": [
                "sha256:bea0028a02bd4fcc8d9781114a5ecb306d904d666ea945c15320c1b0b458fedd"
            ],
            "version": "==8.19.4.5"
        },
        "cooldict": {
            "hashes": [
                "sha256:c43c9e0b4ad4e21ec8efae9f10e640c3785ac1a69ed32db9ba7f92cf52a91159"
            ],
            "version": "==1.4"
        },
        "decorator": {
            "hashes": [
                "sha256:41fa54c2a0cc4ba648be4fd43cff00aedf5b9465c9bf18d64325bc225f08f760",
                "sha256:e3a62f0520172440ca0dcc823749319382e377f37f140a0b99ef45fecb84bfe7"
            ],
            "version": "==4.4.2"
        },
        "dpkt": {
            "hashes": [
                "sha256:141cab4defcb4ead83e664765ebb045f55dbe73e17d617acafd6eaf368d7c55e",
                "sha256:c07b4a61a4f957edda40b36683851604f2f799d76a2b7c315f01811e100ec320"
            ],
            "version": "==1.9.5"
        },
        "future": {
            "hashes": [
                "sha256:b1bead90b70cf6ec3f0710ae53a525360fa360d306a86583adc6bf83a4db537d"
            ],
            "version": "==0.18.2"
        },
        "gitdb": {
            "hashes": [
                "sha256:91f36bfb1ab7949b3b40e23736db18231bf7593edada2ba5c3a174a7b23657ac",
                "sha256:c9e1f2d0db7ddb9a704c2a0217be31214e91a4fe1dea1efad19ae42ba0c285c9"
            ],
            "version": "==4.0.5"
        },
        "gitpython": {
            "hashes": [
                "sha256:8621a7e777e276a5ec838b59280ba5272dd144a18169c36c903d8b38b99f750a",
                "sha256:c5347c81d232d9b8e7f47b68a83e5dc92e7952127133c5f2df9133f2c75a1b29"
            ],
            "version": "==3.1.13"
        },
        "idalink": {
            "hashes": [
                "sha256:1f745fe7055ca3560187cbc6c855009a2f4a1ae874c10b4c071b0f4eb162314f"
            ],
            "index": "pypi",
            "version": "==0.11"
        },
        "ipdb": {
            "hashes": [
                "sha256:dce2112557edfe759742ca2d0fee35c59c97b0cc7a05398b791079d78f1519ce"
            ],
            "index": "pypi",
            "version": "==0.12"
        },
        "ipython": {
            "hashes": [
                "sha256:54c5a8aa1eadd269ac210b96923688ccf01ebb2d0f21c18c3c717909583579a8",
                "sha256:e840810029224b56cd0d9e7719dc3b39cf84d577f8ac686547c8ba7a06eeab26"
            ],
            "index": "pypi",
            "version": "==7.5.0"
        },
        "ipython-genutils": {
            "hashes": [
                "sha256:72dd37233799e619666c9f639a9da83c34013a73e8bbc79a7a6348d93c61fab8",
                "sha256:eb2e116e75ecef9d4d228fdc66af54269afa26ab4463042e33785b887c628ba8"
            ],
            "version": "==0.2.0"
        },
        "itanium-demangler": {
            "hashes": [
                "sha256:bca0fae4cb0ad582a3c7ede97d66b325d13445fdf87c28947233d8559430967c"
            ],
            "version": "==1.0"
        },
        "jedi": {
            "hashes": [
                "sha256:18456d83f65f400ab0c2d3319e48520420ef43b23a086fdc05dff34132f0fb93",
                "sha256:92550a404bad8afed881a137ec9a461fed49eca661414be45059329614ed0707"
            ],
            "version": "==0.18.0"
        },
        "mulpyplexer": {
            "hashes": [
                "sha256:144e9e9bf66d3988f60542c9d3d4c94857438f7908f60e53f4c1cb1622fbbd30"
            ],
            "version": "==0.9"
        },
        "networkx": {
            "hashes": [
                "sha256:7978955423fbc9639c10498878be59caf99b44dc304c2286162fd24b458c1602",
                "sha256:8c5812e9f798d37c50570d15c4a69d5710a18d77bafc903ee9c5fba7454c616c"
            ],
            "version": "==2.5"
        },
        "parso": {
            "hashes": [
                "sha256:15b00182f472319383252c18d5913b69269590616c947747bc50bf4ac768f410",
                "sha256:8519430ad07087d4c997fda3a7918f7cfa27cb58972a8c89c2a0295a1c940e9e"
            ],
            "version": "==0.8.1"
        },
        "pefile": {
            "hashes": [
                "sha256:a5d6e8305c6b210849b47a6174ddf9c452b2888340b8177874b862ba6c207645"
            ],
            "version": "==2019.4.18"
        },
        "pexpect": {
            "hashes": [
                "sha256:0b48a55dcb3c05f3329815901ea4fc1537514d6ba867a152b581d69ae3710937",
                "sha256:fc65a43959d153d0114afe13997d439c22823a27cefceb5ff35c2178c6784c0c"
            ],
            "markers": "sys_platform != 'win32'",
            "version": "==4.8.0"
        },
        "pickleshare": {
            "hashes": [
                "sha256:87683d47965c1da65cdacaf31c8441d12b8044cdec9aca500cd78fc2c683afca",
                "sha256:9649af414d74d4df115d5d718f82acb59c9d418196b7b4290ed47a12ce62df56"
            ],
            "version": "==0.7.5"
        },
        "plumbum": {
            "hashes": [
                "sha256:139bbe08ee065b522a8a07d4f7e9f8eddffd78cc218b65b11cca2b33683e6b57",
                "sha256:317744342c755319907c773cc87c3a30adaa3a41b0d34c0ce02d9d1904922dce"
            ],
            "version": "==1.7.0"
        },
        "progressbar": {
            "hashes": [
                "sha256:5d81cb529da2e223b53962afd6c8ca0f05c6670e40309a7219eacc36af9b6c63"
            ],
            "version": "==2.5"
        },
        "prompt-toolkit": {
            "hashes": [
                "sha256:46642344ce457641f28fc9d1c9ca939b63dadf8df128b86f1b9860e59c73a5e4",
                "sha256:e7f8af9e3d70f514373bf41aa51bc33af12a6db3f71461ea47fea985defb2c31",
                "sha256:f15af68f66e664eaa559d4ac8a928111eebd5feda0c11738b5998045224829db"
            ],
            "version": "==2.0.10"
        },
        "psutil": {
            "hashes": [
                "sha256:0066a82f7b1b37d334e68697faba68e5ad5e858279fd6351c8ca6024e8d6ba64",
                "sha256:02b8292609b1f7fcb34173b25e48d0da8667bc85f81d7476584d889c6e0f2131",
                "sha256:0ae6f386d8d297177fd288be6e8d1afc05966878704dad9847719650e44fc49c",
                "sha256:0c9ccb99ab76025f2f0bbecf341d4656e9c1351db8cc8a03ccd62e318ab4b5c6",
                "sha256:0dd4465a039d343925cdc29023bb6960ccf4e74a65ad53e768403746a9207023",
                "sha256:12d844996d6c2b1d3881cfa6fa201fd635971869a9da945cf6756105af73d2df",
                "sha256:1bff0d07e76114ec24ee32e7f7f8d0c4b0514b3fae93e3d2aaafd65d22502394",
                "sha256:245b5509968ac0bd179287d91210cd3f37add77dad385ef238b275bad35fa1c4",
                "sha256:28ff7c95293ae74bf1ca1a79e8805fcde005c18a122ca983abf676ea3466362b",
                "sha256:36b3b6c9e2a34b7d7fbae330a85bf72c30b1c827a4366a07443fc4b6270449e2",
                "sha256:52de075468cd394ac98c66f9ca33b2f54ae1d9bff1ef6b67a212ee8f639ec06d",
                "sha256:5da29e394bdedd9144c7331192e20c1f79283fb03b06e6abd3a8ae45ffecee65",
                "sha256:61f05864b42fedc0771d6d8e49c35f07efd209ade09a5afe6a5059e7bb7bf83d",
                "sha256:6223d07a1ae93f86451d0198a0c361032c4c93ebd4bf6d25e2fb3edfad9571ef",
                "sha256:6323d5d845c2785efb20aded4726636546b26d3b577aded22492908f7c1bdda7",
                "sha256:6ffe81843131ee0ffa02c317186ed1e759a145267d54fdef1bc4ea5f5931ab60",
                "sha256:74f2d0be88db96ada78756cb3a3e1b107ce8ab79f65aa885f76d7664e56928f6",
                "sha256:74fb2557d1430fff18ff0d72613c5ca30c45cdbfcddd6a5773e9fc1fe9364be8",
                "sha256:90d4091c2d30ddd0a03e0b97e6a33a48628469b99585e2ad6bf21f17423b112b",
                "sha256:90f31c34d25b1b3ed6c40cdd34ff122b1887a825297c017e4cbd6796dd8b672d",
                "sha256:99de3e8739258b3c3e8669cb9757c9a861b2a25ad0955f8e53ac662d66de61ac",
                "sha256:c6a5fd10ce6b6344e616cf01cc5b849fa8103fbb5ba507b6b2dee4c11e84c935",
                "sha256:ce8b867423291cb65cfc6d9c4955ee9bfc1e21fe03bb50e177f2b957f1c2469d",
                "sha256:d225cd8319aa1d3c85bf195c4e07d17d3cd68636b8fc97e6cf198f782f99af28",
                "sha256:ea313bb02e5e25224e518e4352af4bf5e062755160f77e4b1767dd5ccb65f876",
                "sha256:ea372bcc129394485824ae3e3ddabe67dc0b118d262c568b4d2602a7070afdb0",
                "sha256:f4634b033faf0d968bb9220dd1c793b897ab7f1189956e1aa9eae752527127d3",
                "sha256:fcc01e900c1d7bee2a37e5d6e4f9194760a93597c97fee89c4ae51701de03563"
            ],
            "version": "==5.8.0"
        },
        "ptyprocess": {
            "hashes": [
                "sha256:4b41f3967fce3af57cc7e94b888626c18bf37a083e3651ca8feeb66d492fef35",
                "sha256:5c5d0a3b48ceee0b48485e0c26037c0acd7d29765ca3fbb5cb3831d347423220"
            ],
            "version": "==0.7.0"
        },
        "pycparser": {
            "hashes": [
                "sha256:2d475327684562c3a96cc71adf7dc8c4f0565175cf86b6d7a404ff4c771f15f0",
                "sha256:7582ad22678f0fcd81102833f60ef8d0e57288b6b5fb00323d101be910e35705"
            ],
            "version": "==2.20"
        },
        "pyelftools": {
            "hashes": [
                "sha256:5609aa6da1123fccfae2e8431a67b4146aa7fad5b3889f808df12b110f230937",
                "sha256:cde854e662774c5457d688ca41615f6594187ba7067af101232df889a6b7a66b"
            ],
            "version": "==0.27"
        },
        "pygments": {
            "hashes": [
                "sha256:37a13ba168a02ac54cc5891a42b1caec333e59b66addb7fa633ea8a6d73445c0",
                "sha256:b21b072d0ccdf29297a82a2363359d99623597b8a265b8081760e4d0f7153c88"
            ],
            "version": "==2.8.0"
        },
        "pysmt": {
            "hashes": [
                "sha256:2b5ca0560eaacf1720d254f7e1f186fe344e3ea12c72e49036c47af2ab1f81ef"
            ],
            "version": "==0.9.0"
        },
        "pyvex": {
            "hashes": [
                "sha256:39ede1025194ffdf29de7e839d0c216756c4d4b57c3e61239783035e4fce892d",
                "sha256:67292ba8b2f4e8da31adb3728d29c19ab23730c8cd40c0cafce3d5267426c2b0",
                "sha256:a40d8f1041e428b7dbce969b1a4d3496d079282daeb3b19c95b01e8156a76934",
                "sha256:c9675e1c6d799aa1901122ed84809031ba9c9db6c9f7279f860ea39df86a1bf8",
                "sha256:ee5f3529f232035e0a81176c598b241b5425be29fd6b6bb262feeeb27cad41de"
            ],
            "index": "pypi",
            "version": "==8.19.4.5"
        },
        "rpyc": {
            "hashes": [
                "sha256:6779422be9a24450304ed80621298a5b836d37d153fc0424d04ca82c03e61566",
                "sha256:6a0a38c3644da8ab6796785e818b3e5d4c949bd5220f297cbea70b664ae139df",
                "sha256:9ce1586bebf9175405573ddcabb6612fcf9d1d799ce0c3d94be973c90fd405d2"
            ],
            "index": "pypi",
            "version": "==4.1.1"
        },
        "six": {
            "hashes": [
                "sha256:30639c035cdb23534cd4aa2dd52c3bf48f06e5f4a941509c8bafd8ce11080259",
                "sha256:8b74bedcbbbaca38ff6d7491d76f2b06b3592611af620f8426e82dddb04a5ced"
            ],
            "version": "==1.15.0"
        },
        "smmap": {
            "hashes": [
                "sha256:7bfcf367828031dc893530a29cb35eb8c8f2d7c8f2d0989354d75d24c8573714",
                "sha256:84c2751ef3072d4f6b2785ec7ee40244c6f45eb934d9e543e2c51f1bd3d54c50"
            ],
            "version": "==3.0.5"
        },
        "smoke-zephyr": {
            "hashes": [
                "sha256:3dc79db4639cf357fada50fc063ea1b0578939712b6491904047997fbb320d5c"
            ],
            "index": "pypi",
            "version": "==1.4.1"
        },
        "sortedcontainers": {
            "hashes": [
                "sha256:37257a32add0a3ee490bb170b599e93095eed89a55da91fa9f48753ea12fd73f",
                "sha256:59cc937650cf60d677c16775597c89a960658a09cf7c1a668f86e1e4464b10a1"
            ],
            "version": "==2.3.0"
        },
        "tabulate": {
            "hashes": [
                "sha256:8af07a39377cee1103a5c8b3330a421c2d99b9141e9cc5ddd2e3263fea416943"
            ],
            "index": "pypi",
            "version": "==0.8.3"
        },
        "traitlets": {
            "hashes": [
                "sha256:178f4ce988f69189f7e523337a3e11d91c786ded9360174a3d9ca83e79bc5396",
                "sha256:69ff3f9d5351f31a7ad80443c2674b7099df13cc41fc5fa6e2f6d3b0330b0426"
            ],
            "version": "==5.0.5"
        },
        "unicorn": {
            "hashes": [
                "sha256:16f43e836b088f2b5b537e7ac6ae0f364946b0b7d608f637a5ab919e32f3b919",
                "sha256:25d65de6662c74cfed371b0bbf4fc8cc9246ab7e293314a29a6c570da46b6050",
                "sha256:62df2e022563b42ab12f43f003449b11e7d110ff9268ed20917aaf0a90fdfe4e",
                "sha256:a87d6065cb44854d40d25259d0c0f3bfc849c3cf0f6b48056f861b2b20bbaee0",
                "sha256:f8ac03d7fa5d5b71871064db89e3c69f4acc773d617fda21cf43c00b95e06229",
                "sha256:fd2d5225d394c54af889b550b86b33ae8311945d2225744509434cd86663a94a"
            ],
            "version": "==1.0.2"
        },
        "wcwidth": {
            "hashes": [
                "sha256:beb4802a9cebb9144e99086eff703a642a13d6a0052920003a230f3294bbe784",
                "sha256:c4d647b99872929fdb7bdcaa4fbe7f01413ed3d98077df798530e5b04f116c83"
            ],
            "version": "==0.2.5"
        },
        "z3-solver": {
            "hashes": [
                "sha256:474a22a1c6b26a89fc0fe563a9e0738bf1ff6b6f645f3b1d7a4beda18b3f44bc",
                "sha256:6b10b317f056890a341304071fb3ab220f0adb2c87439a04eba9e69028a7e3ff",
                "sha256:c185d05d236c6c9756e914756c73f797cb618d81b42e694166639cce5bcfdb1f",
                "sha256:c802dbe5368743dd30dd2a684c15b83b17c3c95df54b66f97611a5988ae0f696",
                "sha256:cf57c53f1e366f3f6bc806fd83ad288b9c82ee8d2bbdfdc64d53767aaf500209",
                "sha256:e41001b7f43ecb9eb9bedf6762bd0e002561590487cc78c0b48f608a85ce02ac",
                "sha256:f472f1d0d04856cfaf15d0ebab5ff39b2b1bc09b2f4d2119c0ba0540121b5265"
            ],
            "version": "==4.5.1.0.post2"
        }
    },
    "develop": {}
}
