{
    "_meta": {
        "hash": {
            "sha256": "cd007efbd2aa2079b706797de2c4acd4b39b8deadd83f45ef9541d9fc6038d67"
        },
        "pipfile-spec": 6,
        "requires": {},
        "sources": [
            {
                "name": "pypi",
                "url": "https://pypi.org/simple",
                "verify_ssl": true
            }
        ]
    },
    "default": {
        "ailment": {
            "hashes": [
                "sha256:4552730c368a241ba10fe132ca265080098ff293dd129072ed7b0cf154b81f76"
            ],
            "version": "==8.19.4.5"
        },
        "ana": {
            "hashes": [
                "sha256:5fa16e511773a0efc6ac9294f93eee583612ffb580859737eed07e703947d6f8"
            ],
            "version": "==0.6"
        },
        "angr": {
            "hashes": [
                "sha256:386efa0b110883059e5bf195fea25223a859d42075e60582ed95bb64ad7086fa",
                "sha256:3b24763494f85d1af600eb39fae6e42f0fa4583dfd8f17c069c62c6bda5e9a56",
                "sha256:87f271fe749395cb772dda135e5e458db8d9cc49d724597e0e0f7c70d2a96380",
                "sha256:b3bbcbc0fc140146f076c087d4efc8681ac579e46251d5ff8b086249a3fddf1c",
                "sha256:d8c94e27dc1a017e5fe39034b8f6af53527fbf44509a81b09dd93f79af56a2f7"
            ],
            "index": "pypi",
            "version": "==8.19.4.5"
        },
        "archinfo": {
            "hashes": [
                "sha256:97e80aacc8ae7dcd3e5cdb932ef97cbb4b55014be7052e05f2a95cc3553734be"
            ],
            "index": "pypi",
            "version": "==8.19.4.5"
        },
        "backcall": {
            "hashes": [
                "sha256:38ecd85be2c1e78f77fd91700c76e14667dc21e2713b63876c0eb901196e01e4",
                "sha256:bbbf4b1e5cd2bdb08f915895b51081c041bac22394fdfcfdfbe9f14b77c08bf2"
            ],
            "version": "==0.1.0"
        },
        "bitstring": {
            "hashes": [
                "sha256:7b60b0c300d0d3d0a24ec84abfda4b0eaed3dc56dc90f6cbfe497166c9ad8443",
                "sha256:c97a8e2a136e99b523b27da420736ae5cb68f83519d633794a6a11192f69f8bf",
                "sha256:e392819965e7e0246e3cf6a51d5a54e731890ae03ebbfa3cd0e4f74909072096"
            ],
            "version": "==3.1.6"
        },
        "boltons": {
            "hashes": [
                "sha256:7aa10b0f5b015678458a7d0422961fc0c7e823c05e644094c0e564931ce0b0df",
                "sha256:c32b2d121331a9bc7c220050d4273f3aa359b7569cb4794188e71524603113dc"
            ],
            "index": "pypi",
            "version": "==19.1.0"
        },
        "cachetools": {
            "hashes": [
                "sha256:9a52dd97a85f257f4e4127f15818e71a0c7899f121b34591fcc1173ea79a0198",
                "sha256:b304586d357c43221856be51d73387f93e2a961598a9b6b6670664746f3b6c6c"
            ],
            "version": "==4.0.0"
        },
        "capstone": {
            "hashes": [
                "sha256:5857accc0de1e769b0ec0a0ca985715bfa96e5a66a2ebb3aaed43a8e3655377f",
                "sha256:5d97df74a8ffdd02706bc67155b7d41dd3ca8ff2caa034f8e54b99044b96037e",
                "sha256:a85763eccae63c3b7a1123a17afcda03303771b18db38a44453055ff360edd94",
                "sha256:dae578f97b24212fb97a5c833342e56c69e7fb71502187a0b51a4326381e4204",
                "sha256:ee7f55aa4326b1e345b1fb28d1b0798974503e914b006cc9806431e8c3e95549"
            ],
            "version": "==4.0.1"
        },
        "cffi": {
            "hashes": [
                "sha256:001bf3242a1bb04d985d63e138230802c6c8d4db3668fb545fb5005ddf5bb5ff",
                "sha256:00789914be39dffba161cfc5be31b55775de5ba2235fe49aa28c148236c4e06b",
                "sha256:028a579fc9aed3af38f4892bdcc7390508adabc30c6af4a6e4f611b0c680e6ac",
                "sha256:14491a910663bf9f13ddf2bc8f60562d6bc5315c1f09c704937ef17293fb85b0",
                "sha256:1cae98a7054b5c9391eb3249b86e0e99ab1e02bb0cc0575da191aedadbdf4384",
                "sha256:2089ed025da3919d2e75a4d963d008330c96751127dd6f73c8dc0c65041b4c26",
                "sha256:2d384f4a127a15ba701207f7639d94106693b6cd64173d6c8988e2c25f3ac2b6",
                "sha256:337d448e5a725bba2d8293c48d9353fc68d0e9e4088d62a9571def317797522b",
                "sha256:399aed636c7d3749bbed55bc907c3288cb43c65c4389964ad5ff849b6370603e",
                "sha256:3b911c2dbd4f423b4c4fcca138cadde747abdb20d196c4a48708b8a2d32b16dd",
                "sha256:3d311bcc4a41408cf5854f06ef2c5cab88f9fded37a3b95936c9879c1640d4c2",
                "sha256:62ae9af2d069ea2698bf536dcfe1e4eed9090211dbaafeeedf5cb6c41b352f66",
                "sha256:66e41db66b47d0d8672d8ed2708ba91b2f2524ece3dee48b5dfb36be8c2f21dc",
                "sha256:675686925a9fb403edba0114db74e741d8181683dcf216be697d208857e04ca8",
                "sha256:7e63cbcf2429a8dbfe48dcc2322d5f2220b77b2e17b7ba023d6166d84655da55",
                "sha256:8a6c688fefb4e1cd56feb6c511984a6c4f7ec7d2a1ff31a10254f3c817054ae4",
                "sha256:8c0ffc886aea5df6a1762d0019e9cb05f825d0eec1f520c51be9d198701daee5",
                "sha256:95cd16d3dee553f882540c1ffe331d085c9e629499ceadfbda4d4fde635f4b7d",
                "sha256:99f748a7e71ff382613b4e1acc0ac83bf7ad167fb3802e35e90d9763daba4d78",
                "sha256:b8c78301cefcf5fd914aad35d3c04c2b21ce8629b5e4f4e45ae6812e461910fa",
                "sha256:c420917b188a5582a56d8b93bdd8e0f6eca08c84ff623a4c16e809152cd35793",
                "sha256:c43866529f2f06fe0edc6246eb4faa34f03fe88b64a0a9a942561c8e22f4b71f",
                "sha256:cab50b8c2250b46fe738c77dbd25ce017d5e6fb35d3407606e7a4180656a5a6a",
                "sha256:cef128cb4d5e0b3493f058f10ce32365972c554572ff821e175dbc6f8ff6924f",
                "sha256:cf16e3cf6c0a5fdd9bc10c21687e19d29ad1fe863372b5543deaec1039581a30",
                "sha256:e56c744aa6ff427a607763346e4170629caf7e48ead6921745986db3692f987f",
                "sha256:e577934fc5f8779c554639376beeaa5657d54349096ef24abe8c74c5d9c117c3",
                "sha256:f2b0fa0c01d8a0c7483afd9f31d7ecf2d71760ca24499c8697aeb5ca37dc090c"
            ],
            "version": "==1.14.0"
        },
        "claripy": {
            "hashes": [
                "sha256:22fcb0821a15869d3a4e26976cf73af1180d75eb0614b51769f4630cf66184dd"
            ],
            "index": "pypi",
            "version": "==8.19.4.5"
        },
        "cle": {
            "hashes": [
                "sha256:bea0028a02bd4fcc8d9781114a5ecb306d904d666ea945c15320c1b0b458fedd"
            ],
            "version": "==8.19.4.5"
        },
        "cooldict": {
            "hashes": [
                "sha256:c43c9e0b4ad4e21ec8efae9f10e640c3785ac1a69ed32db9ba7f92cf52a91159"
            ],
            "version": "==1.4"
        },
        "decorator": {
            "hashes": [
                "sha256:41fa54c2a0cc4ba648be4fd43cff00aedf5b9465c9bf18d64325bc225f08f760",
                "sha256:e3a62f0520172440ca0dcc823749319382e377f37f140a0b99ef45fecb84bfe7"
            ],
            "version": "==4.4.2"
        },
        "dpkt": {
            "hashes": [
                "sha256:472c8fbf992f913cee2760fed8fb4253a600d7fb2210c793e2c0c0c23eb3b629",
                "sha256:52a92ecd5ca04d5bd852bb11cb2eac4bbe38b42a7c472e0d950eeb9f82a81e54"
            ],
            "version": "==1.9.2"
        },
        "future": {
            "hashes": [
                "sha256:b1bead90b70cf6ec3f0710ae53a525360fa360d306a86583adc6bf83a4db537d"
            ],
            "version": "==0.18.2"
        },
        "gitdb": {
            "hashes": [
                "sha256:284a6a4554f954d6e737cddcff946404393e030b76a282c6640df8efd6b3da5e",
                "sha256:598e0096bb3175a0aab3a0b5aedaa18a9a25c6707e0eca0695ba1a0baf1b2150"
            ],
            "version": "==4.0.2"
        },
        "gitpython": {
            "hashes": [
                "sha256:43da89427bdf18bf07f1164c6d415750693b4d50e28fc9b68de706245147b9dd",
                "sha256:e426c3b587bd58c482f0b7fe6145ff4ac7ae6c82673fc656f489719abca6f4cb"
            ],
            "version": "==3.1.0"
        },
        "idalink": {
            "hashes": [
                "sha256:1f745fe7055ca3560187cbc6c855009a2f4a1ae874c10b4c071b0f4eb162314f"
            ],
            "index": "pypi",
            "version": "==0.11"
        },
        "ipdb": {
            "hashes": [
                "sha256:dce2112557edfe759742ca2d0fee35c59c97b0cc7a05398b791079d78f1519ce"
            ],
            "index": "pypi",
            "version": "==0.12"
        },
        "ipython": {
            "hashes": [
                "sha256:54c5a8aa1eadd269ac210b96923688ccf01ebb2d0f21c18c3c717909583579a8",
                "sha256:e840810029224b56cd0d9e7719dc3b39cf84d577f8ac686547c8ba7a06eeab26"
            ],
            "index": "pypi",
            "version": "==7.5.0"
        },
        "ipython-genutils": {
            "hashes": [
                "sha256:72dd37233799e619666c9f639a9da83c34013a73e8bbc79a7a6348d93c61fab8",
                "sha256:eb2e116e75ecef9d4d228fdc66af54269afa26ab4463042e33785b887c628ba8"
            ],
            "version": "==0.2.0"
        },
        "itanium-demangler": {
            "hashes": [
                "sha256:bca0fae4cb0ad582a3c7ede97d66b325d13445fdf87c28947233d8559430967c"
            ],
            "version": "==1.0"
        },
        "jedi": {
            "hashes": [
                "sha256:b4f4052551025c6b0b0b193b29a6ff7bdb74c52450631206c262aef9f7159ad2",
                "sha256:d5c871cb9360b414f981e7072c52c33258d598305280fef91c6cae34739d65d5"
            ],
            "version": "==0.16.0"
        },
        "mulpyplexer": {
            "hashes": [
                "sha256:ca930b229e21fe0ed259788e2d871eb13e54d17e29d7f25347573ae87768c5fe"
            ],
            "version": "==0.8"
        },
        "networkx": {
            "hashes": [
                "sha256:cdfbf698749a5014bf2ed9db4a07a5295df1d3a53bf80bf3cbd61edf9df05fa1",
                "sha256:f8f4ff0b6f96e4f9b16af6b84622597b5334bf9cae8cf9b2e42e7985d5c95c64"
            ],
            "version": "==2.4"
        },
        "parso": {
            "hashes": [
                "sha256:0c5659e0c6eba20636f99a04f469798dca8da279645ce5c387315b2c23912157",
                "sha256:8515fc12cfca6ee3aa59138741fc5624d62340c97e401c74875769948d4f2995"
            ],
            "version": "==0.6.2"
        },
        "pefile": {
            "hashes": [
                "sha256:a5d6e8305c6b210849b47a6174ddf9c452b2888340b8177874b862ba6c207645"
            ],
            "version": "==2019.4.18"
        },
        "pexpect": {
            "hashes": [
                "sha256:0b48a55dcb3c05f3329815901ea4fc1537514d6ba867a152b581d69ae3710937",
                "sha256:fc65a43959d153d0114afe13997d439c22823a27cefceb5ff35c2178c6784c0c"
            ],
            "markers": "sys_platform != 'win32'",
            "version": "==4.8.0"
        },
        "pickleshare": {
            "hashes": [
                "sha256:87683d47965c1da65cdacaf31c8441d12b8044cdec9aca500cd78fc2c683afca",
                "sha256:9649af414d74d4df115d5d718f82acb59c9d418196b7b4290ed47a12ce62df56"
            ],
            "version": "==0.7.5"
        },
        "plumbum": {
            "hashes": [
                "sha256:600f99e1736f314b52d823aa5d3b73db9a7a6d5b5dc22303410c1a7d6f3e569c",
                "sha256:8571f2f9657e00dc22549d9e92db3fdec5674bf509fe60c5c9b4081fd8f6ab92"
            ],
            "version": "==1.6.8"
        },
        "progressbar": {
            "hashes": [
                "sha256:5d81cb529da2e223b53962afd6c8ca0f05c6670e40309a7219eacc36af9b6c63"
            ],
            "version": "==2.5"
        },
        "prompt-toolkit": {
            "hashes": [
                "sha256:46642344ce457641f28fc9d1c9ca939b63dadf8df128b86f1b9860e59c73a5e4",
                "sha256:e7f8af9e3d70f514373bf41aa51bc33af12a6db3f71461ea47fea985defb2c31",
                "sha256:f15af68f66e664eaa559d4ac8a928111eebd5feda0c11738b5998045224829db"
            ],
            "version": "==2.0.10"
        },
        "psutil": {
            "hashes": [
                "sha256:06660136ab88762309775fd47290d7da14094422d915f0466e0adf8e4b22214e",
                "sha256:0c11adde31011a286197630ba2671e34651f004cc418d30ae06d2033a43c9e20",
                "sha256:0c211eec4185725847cb6c28409646c7cfa56fdb531014b35f97b5dc7fe04ff9",
                "sha256:0fc7a5619b47f74331add476fbc6022d7ca801c22865c7069ec0867920858963",
                "sha256:3004361c6b93dbad71330d992c1ae409cb8314a6041a0b67507cc882357f583e",
                "sha256:5e8dbf31871b0072bcba8d1f2861c0ec6c84c78f13c723bb6e981bce51b58f12",
                "sha256:6d81b9714791ef9a3a00b2ca846ee547fc5e53d259e2a6258c3d2054928039ff",
                "sha256:724390895cff80add7a1c4e7e0a04d9c94f3ee61423a2dcafd83784fabbd1ee9",
                "sha256:ad21281f7bd6c57578dd53913d2d44218e9e29fd25128d10ff7819ef16fa46e7",
                "sha256:f21a7bb4b207e4e7c60b3c40ffa89d790997619f04bbecec9db8e3696122bc78",
                "sha256:f60042bef7dc50a78c06334ca8e25580455948ba2fa98f240d034a4fed9141a5"
            ],
            "index": "pypi",
            "version": "==5.6.6"
        },
        "ptyprocess": {
            "hashes": [
                "sha256:923f299cc5ad920c68f2bc0bc98b75b9f838b93b599941a6b63ddbc2476394c0",
                "sha256:d7cc528d76e76342423ca640335bd3633420dc1366f258cb31d05e865ef5ca1f"
            ],
            "version": "==0.6.0"
        },
        "pycparser": {
            "hashes": [
                "sha256:2d475327684562c3a96cc71adf7dc8c4f0565175cf86b6d7a404ff4c771f15f0",
                "sha256:7582ad22678f0fcd81102833f60ef8d0e57288b6b5fb00323d101be910e35705"
            ],
            "version": "==2.20"
        },
        "pyelftools": {
            "hashes": [
                "sha256:86ac6cee19f6c945e8dedf78c6ee74f1112bd14da5a658d8c9d4103aed5756a2",
                "sha256:cc0ea0de82b240a73ef4056fce44acbb4727dca7d66759371aff2bad457ed711"
            ],
            "version": "==0.26"
        },
        "pygments": {
            "hashes": [
                "sha256:647344a061c249a3b74e230c739f434d7ea4d8b1d5f3721bc0f3558049b38f44",
                "sha256:ff7a40b4860b727ab48fad6360eb351cc1b33cbf9b15a0f689ca5353e9463324"
            ],
            "version": "==2.6.1"
        },
        "pysmt": {
            "hashes": [
                "sha256:6ccac89f22052f0b12f3847382efe94d0fbda95f33978af29f4f3aee5ef0e270"
            ],
            "version": "==0.8.0"
        },
        "pyvex": {
            "hashes": [
                "sha256:39ede1025194ffdf29de7e839d0c216756c4d4b57c3e61239783035e4fce892d",
                "sha256:67292ba8b2f4e8da31adb3728d29c19ab23730c8cd40c0cafce3d5267426c2b0",
                "sha256:a40d8f1041e428b7dbce969b1a4d3496d079282daeb3b19c95b01e8156a76934",
                "sha256:c9675e1c6d799aa1901122ed84809031ba9c9db6c9f7279f860ea39df86a1bf8",
                "sha256:ee5f3529f232035e0a81176c598b241b5425be29fd6b6bb262feeeb27cad41de"
            ],
            "index": "pypi",
            "version": "==8.19.4.5"
        },
        "rpyc": {
            "hashes": [
                "sha256:71eac40d43b2fe359d67a42d0ad3b624028a7d0815f0bacf60b93c725e14cdd5",
                "sha256:bfcc41343c541345c7a134511db7caeaa4261e637d9d6e597072321ff8ddcc78"
            ],
            "version": "==4.1.4"
        },
        "six": {
            "hashes": [
                "sha256:236bdbdce46e6e6a3d61a337c0f8b763ca1e8717c03b369e87a7ec7ce1319c0a",
                "sha256:8f3cd2e254d8f793e7f3d6d9df77b92252b52637291d0f0da013c76ea2724b6c"
            ],
            "version": "==1.14.0"
        },
        "smmap": {
            "hashes": [
                "sha256:171484fe62793e3626c8b05dd752eb2ca01854b0c55a1efc0dc4210fccb65446",
                "sha256:5fead614cf2de17ee0707a8c6a5f2aa5a2fc6c698c70993ba42f515485ffda78"
            ],
            "version": "==3.0.1"
        },
        "smoke-zephyr": {
            "hashes": [
                "sha256:3dc79db4639cf357fada50fc063ea1b0578939712b6491904047997fbb320d5c"
            ],
            "index": "pypi",
            "version": "==1.4.1"
        },
        "sortedcontainers": {
            "hashes": [
                "sha256:974e9a32f56b17c1bac2aebd9dcf197f3eb9cd30553c5852a3187ad162e1a03a",
                "sha256:d9e96492dd51fae31e60837736b38fe42a187b5404c16606ff7ee7cd582d4c60"
            ],
            "version": "==2.1.0"
        },
        "tabulate": {
            "hashes": [
                "sha256:8af07a39377cee1103a5c8b3330a421c2d99b9141e9cc5ddd2e3263fea416943"
            ],
            "index": "pypi",
            "version": "==0.8.3"
        },
        "traitlets": {
            "hashes": [
                "sha256:70b4c6a1d9019d7b4f6846832288f86998aa3b9207c6821f3578a6a6a467fe44",
                "sha256:d023ee369ddd2763310e4c3eae1ff649689440d4ae59d7485eb4cfbbe3e359f7"
            ],
            "version": "==4.3.3"
        },
        "unicorn": {
            "hashes": [
                "sha256:2a0a43ebf73da8e79e91e89b4e72ab2413a410167db4dff25008721ec117cda1",
                "sha256:3a8ad7a7f4be7583e77ca2f7f921a26081eb4987a37afbd8c91850eb6a8a673c",
                "sha256:66bada80960b2d7da45408acd10d2ea8fdf2c51781543d4e9401d10480b6a574",
                "sha256:6f25eef8119620d54cf17472be7fbd3566143a72ff5ff5a6e3639171e026ab28",
                "sha256:7e827ac975f5f1ad0022009df22c6af7db7e5229e7878835ee059d4dc16217c4"
            ],
            "version": "==1.0.1"
        },
        "wcwidth": {
            "hashes": [
                "sha256:8fd29383f539be45b20bd4df0dc29c20ba48654a41e661925e612311e9f3c603",
                "sha256:f28b3e8a6483e5d49e7f8949ac1a78314e740333ae305b4ba5defd3e74fb37a8"
            ],
            "version": "==0.1.8"
        },
        "z3-solver": {
            "hashes": [
                "sha256:474a22a1c6b26a89fc0fe563a9e0738bf1ff6b6f645f3b1d7a4beda18b3f44bc",
                "sha256:6b10b317f056890a341304071fb3ab220f0adb2c87439a04eba9e69028a7e3ff",
                "sha256:c185d05d236c6c9756e914756c73f797cb618d81b42e694166639cce5bcfdb1f",
                "sha256:c802dbe5368743dd30dd2a684c15b83b17c3c95df54b66f97611a5988ae0f696",
                "sha256:cf57c53f1e366f3f6bc806fd83ad288b9c82ee8d2bbdfdc64d53767aaf500209",
                "sha256:e41001b7f43ecb9eb9bedf6762bd0e002561590487cc78c0b48f608a85ce02ac",
                "sha256:f472f1d0d04856cfaf15d0ebab5ff39b2b1bc09b2f4d2119c0ba0540121b5265"
            ],
            "version": "==4.5.1.0.post2"
        }
    },
    "develop": {}
}
